
Microsoft Visual Studio Solution File, Format Version 12.00
# Visual Studio Version 16
VisualStudioVersion = 16.0.32106.194
MinimumVisualStudioVersion = 10.0.40219.1
Project("{FAE04EC0-301F-11D3-BF4B-00C04F79EFBC}") = "WebApplication2", "WebApplication2\WebApplication2.csproj", "{5C19F5E7-F91E-438A-817A-A2AB3DE6C9C7}"
EndProject
Global
	GlobalSection(SolutionConfigurationPlatforms) = preSolution
		Debug|Any CPU = Debug|Any CPU
		Release|Any CPU = Release|Any CPU
	EndGlobalSection
	GlobalSection(ProjectConfigurationPlatforms) = postSolution
		{5C19F5E7-F91E-438A-817A-A2AB3DE6C9C7}.Debug|Any CPU.ActiveCfg = Debug|Any CPU
		{5C19F5E7-F91E-438A-817A-A2AB3DE6C9C7}.Debug|Any CPU.Build.0 = Debug|Any CPU
		{5C19F5E7-F91E-438A-817A-A2AB3DE6C9C7}.Release|Any CPU.ActiveCfg = Release|Any CPU
		{5C19F5E7-F91E-438A-817A-A2AB3DE6C9C7}.Release|Any CPU.Build.0 = Release|Any CPU
	EndGlobalSection
	GlobalSection(SolutionProperties) = preSolution
		HideSolutionNode = FALSE
	EndGlobalSection
	GlobalSection(ExtensibilityGlobals) = postSolution
		SolutionGuid = {E8DA8086-3CCD-4C04-A34F-690DF55D5666}
	EndGlobalSection
EndGlobal
